
Microsoft Visual Studio Solution File, Format Version 12.00
# Visual Studio Version 17
VisualStudioVersion = 17.2.32630.192
MinimumVisualStudioVersion = 10.0.40219.1
Project("{FAE04EC0-301F-11D3-BF4B-00C04F79EFBC}") = "SicRT", "SicRT\SicRT.csproj", "{5EAFA05F-C2C0-40B3-9C8F-46D8559148D0}"
	ProjectSection(ProjectDependencies) = postProject
		{EBE55E3F-6DCE-47B9-AC61-54A8B9B3482A} = {EBE55E3F-6DCE-47B9-AC61-54A8B9B3482A}
		{D8EFA045-5482-4BBA-A1BF-28667D5F4635} = {D8EFA045-5482-4BBA-A1BF-28667D5F4635}
		{FDF5BB48-689B-4B88-BABC-110F3DC07C67} = {FDF5BB48-689B-4B88-BABC-110F3DC07C67}
		{D9109556-5B27-4FF2-AB53-837DF91A5466} = {D9109556-5B27-4FF2-AB53-837DF91A5466}
		{DC5FD3DC-4CF4-4484-9EF9-1B878B25A6D5} = {DC5FD3DC-4CF4-4484-9EF9-1B878B25A6D5}
	EndProjectSection
EndProject
Project("{FAE04EC0-301F-11D3-BF4B-00C04F79EFBC}") = "SicSimulator", "SicSimulator\SicSimulator.csproj", "{FDF5BB48-689B-4B88-BABC-110F3DC07C67}"
	ProjectSection(ProjectDependencies) = postProject
		{A40B734C-F2EC-453C-A5FB-70CD46452BF1} = {A40B734C-F2EC-453C-A5FB-70CD46452BF1}
	EndProjectSection
EndProject
Project("{2150E333-8FDC-42A3-9474-1A3956D46DE8}") = "FrameworkLocal", "FrameworkLocal", "{788A2513-3E85-4D83-A68E-11D2B793A363}"
EndProject
Project("{FAE04EC0-301F-11D3-BF4B-00C04F79EFBC}") = "RTCore", "FrameworkLocal\RTCore\RTCore.csproj", "{BCBD839A-C9A0-4BE7-98CA-B0A88AD38E5A}"
EndProject
Project("{FAE04EC0-301F-11D3-BF4B-00C04F79EFBC}") = "RTEquipmentLibrary", "FrameworkLocal\RTEquipmentLibrary\RTEquipmentLibrary.csproj", "{090A1E9C-1087-4C8A-B4E0-FF074459E071}"
EndProject
Project("{FAE04EC0-301F-11D3-BF4B-00C04F79EFBC}") = "SimulatorCore", "FrameworkLocal\SimulatorCore\SimulatorCore.csproj", "{EBE55E3F-6DCE-47B9-AC61-54A8B9B3482A}"
EndProject
Project("{FAE04EC0-301F-11D3-BF4B-00C04F79EFBC}") = "SicUI", "SicUI\SicUI.csproj", "{290FE38F-45F9-408C-B25B-C899B467E3F8}"
	ProjectSection(ProjectDependencies) = postProject
		{424E9610-FA50-49CD-B5BE-BAF256DBF327} = {424E9610-FA50-49CD-B5BE-BAF256DBF327}
		{EBE55E3F-6DCE-47B9-AC61-54A8B9B3482A} = {EBE55E3F-6DCE-47B9-AC61-54A8B9B3482A}
		{D8EFA045-5482-4BBA-A1BF-28667D5F4635} = {D8EFA045-5482-4BBA-A1BF-28667D5F4635}
		{FDF5BB48-689B-4B88-BABC-110F3DC07C67} = {FDF5BB48-689B-4B88-BABC-110F3DC07C67}
		{D9109556-5B27-4FF2-AB53-837DF91A5466} = {D9109556-5B27-4FF2-AB53-837DF91A5466}
		{5EAFA05F-C2C0-40B3-9C8F-46D8559148D0} = {5EAFA05F-C2C0-40B3-9C8F-46D8559148D0}
		{BCBD839A-C9A0-4BE7-98CA-B0A88AD38E5A} = {BCBD839A-C9A0-4BE7-98CA-B0A88AD38E5A}
		{DC5FD3DC-4CF4-4484-9EF9-1B878B25A6D5} = {DC5FD3DC-4CF4-4484-9EF9-1B878B25A6D5}
	EndProjectSection
EndProject
Project("{FAE04EC0-301F-11D3-BF4B-00C04F79EFBC}") = "UICore", "FrameworkLocal\UICore\UICore.csproj", "{2C9E1DF3-1ABA-4972-BE60-41DD9B3C47A7}"
EndProject
Project("{FAE04EC0-301F-11D3-BF4B-00C04F79EFBC}") = "UIClient", "FrameworkLocal\UIClient\UIClient.csproj", "{A40B734C-F2EC-453C-A5FB-70CD46452BF1}"
EndProject
Project("{FAE04EC0-301F-11D3-BF4B-00C04F79EFBC}") = "Sic_Setup", "SicSetup\Sic_Setup\Sic_Setup.csproj", "{C842F167-DB8E-4827-ACDD-74215AF5100A}"
	ProjectSection(ProjectDependencies) = postProject
		{5EAFA05F-C2C0-40B3-9C8F-46D8559148D0} = {5EAFA05F-C2C0-40B3-9C8F-46D8559148D0}
		{290FE38F-45F9-408C-B25B-C899B467E3F8} = {290FE38F-45F9-408C-B25B-C899B467E3F8}
	EndProjectSection
EndProject
Project("{2150E333-8FDC-42A3-9474-1A3956D46DE8}") = "SicSetup", "SicSetup", "{40FE5525-B7DA-47BD-8754-0F8EDC85BC2A}"
EndProject
Project("{2150E333-8FDC-42A3-9474-1A3956D46DE8}") = "Modules", "Modules", "{7255FC3F-B9F1-407C-ACCD-C0D92618CFE7}"
EndProject
Project("{FAE04EC0-301F-11D3-BF4B-00C04F79EFBC}") = "Mainframe", "Modules\Mainframe\Mainframe.csproj", "{424E9610-FA50-49CD-B5BE-BAF256DBF327}"
	ProjectSection(ProjectDependencies) = postProject
		{BCBD839A-C9A0-4BE7-98CA-B0A88AD38E5A} = {BCBD839A-C9A0-4BE7-98CA-B0A88AD38E5A}
		{090A1E9C-1087-4C8A-B4E0-FF074459E071} = {090A1E9C-1087-4C8A-B4E0-FF074459E071}
	EndProjectSection
EndProject
Project("{FAE04EC0-301F-11D3-BF4B-00C04F79EFBC}") = "SicPM", "Modules\SicPM\SicPM.csproj", "{DC5FD3DC-4CF4-4484-9EF9-1B878B25A6D5}"
	ProjectSection(ProjectDependencies) = postProject
		{BCBD839A-C9A0-4BE7-98CA-B0A88AD38E5A} = {BCBD839A-C9A0-4BE7-98CA-B0A88AD38E5A}
		{090A1E9C-1087-4C8A-B4E0-FF074459E071} = {090A1E9C-1087-4C8A-B4E0-FF074459E071}
	EndProjectSection
EndProject
Project("{2150E333-8FDC-42A3-9474-1A3956D46DE8}") = "Yalv", "Yalv", "{956E8713-E83A-4652-942E-2487BF0C3102}"
EndProject
Project("{FAE04EC0-301F-11D3-BF4B-00C04F79EFBC}") = "YALV", "Yalv\YALV\YALV.csproj", "{D9109556-5B27-4FF2-AB53-837DF91A5466}"
EndProject
Project("{FAE04EC0-301F-11D3-BF4B-00C04F79EFBC}") = "YALV.Core", "Yalv\YALV.Core\YALV.Core.csproj", "{D8EFA045-5482-4BBA-A1BF-28667D5F4635}"
EndProject
Project("{FAE04EC0-301F-11D3-BF4B-00C04F79EFBC}") = "Sicentury.Core", "Sicentury.Core\Sicentury.Core.csproj", "{A78B3F87-4601-43F7-A941-EDB339CE35A9}"
EndProject
Project("{2150E333-8FDC-42A3-9474-1A3956D46DE8}") = "Documents", "Documents", "{22702992-8E8E-4057-B373-A09C0ED92285}"
	ProjectSection(SolutionItems) = preProject
		Documents\Alarm 处理方法 SIC04.xlsx = Documents\Alarm 处理方法 SIC04.xlsx
		Documents\希科 04号机软件需求 2022-11-01-rev3.xlsx = Documents\希科 04号机软件需求 2022-11-01-rev3.xlsx
		Documents\希科 04号机软件需求 2022-11-01-rev4.xlsx = Documents\希科 04号机软件需求 2022-11-01-rev4.xlsx
		Documents\希科 04号机软件需求 2022-11-03-rev5.xlsx = Documents\希科 04号机软件需求 2022-11-03-rev5.xlsx
	EndProjectSection
EndProject
Project("{FAE04EC0-301F-11D3-BF4B-00C04F79EFBC}") = "MECF.Framework.Common", "MECF.Framework.Common\MECF.Framework.Common.csproj", "{EFAD063F-FA97-42B7-87F8-8279EBA30D34}"
EndProject
Global
	GlobalSection(SolutionConfigurationPlatforms) = preSolution
		Debug|Any CPU = Debug|Any CPU
		Debug|x86 = Debug|x86
		Release|Any CPU = Release|Any CPU
		Release|x86 = Release|x86
	EndGlobalSection
	GlobalSection(ProjectConfigurationPlatforms) = postSolution
		{5EAFA05F-C2C0-40B3-9C8F-46D8559148D0}.Debug|Any CPU.ActiveCfg = Debug|Any CPU
		{5EAFA05F-C2C0-40B3-9C8F-46D8559148D0}.Debug|Any CPU.Build.0 = Debug|Any CPU
		{5EAFA05F-C2C0-40B3-9C8F-46D8559148D0}.Debug|x86.ActiveCfg = Debug|Any CPU
		{5EAFA05F-C2C0-40B3-9C8F-46D8559148D0}.Debug|x86.Build.0 = Debug|Any CPU
		{5EAFA05F-C2C0-40B3-9C8F-46D8559148D0}.Release|Any CPU.ActiveCfg = Release|Any CPU
		{5EAFA05F-C2C0-40B3-9C8F-46D8559148D0}.Release|Any CPU.Build.0 = Release|Any CPU
		{5EAFA05F-C2C0-40B3-9C8F-46D8559148D0}.Release|x86.ActiveCfg = Release|Any CPU
		{5EAFA05F-C2C0-40B3-9C8F-46D8559148D0}.Release|x86.Build.0 = Release|Any CPU
		{FDF5BB48-689B-4B88-BABC-110F3DC07C67}.Debug|Any CPU.ActiveCfg = Debug|Any CPU
		{FDF5BB48-689B-4B88-BABC-110F3DC07C67}.Debug|Any CPU.Build.0 = Debug|Any CPU
		{FDF5BB48-689B-4B88-BABC-110F3DC07C67}.Debug|x86.ActiveCfg = Debug|Any CPU
		{FDF5BB48-689B-4B88-BABC-110F3DC07C67}.Debug|x86.Build.0 = Debug|Any CPU
		{FDF5BB48-689B-4B88-BABC-110F3DC07C67}.Release|Any CPU.ActiveCfg = Release|Any CPU
		{FDF5BB48-689B-4B88-BABC-110F3DC07C67}.Release|Any CPU.Build.0 = Release|Any CPU
		{FDF5BB48-689B-4B88-BABC-110F3DC07C67}.Release|x86.ActiveCfg = Release|Any CPU
		{FDF5BB48-689B-4B88-BABC-110F3DC07C67}.Release|x86.Build.0 = Release|Any CPU
		{BCBD839A-C9A0-4BE7-98CA-B0A88AD38E5A}.Debug|Any CPU.ActiveCfg = Debug|Any CPU
		{BCBD839A-C9A0-4BE7-98CA-B0A88AD38E5A}.Debug|Any CPU.Build.0 = Debug|Any CPU
		{BCBD839A-C9A0-4BE7-98CA-B0A88AD38E5A}.Debug|x86.ActiveCfg = Debug|Any CPU
		{BCBD839A-C9A0-4BE7-98CA-B0A88AD38E5A}.Debug|x86.Build.0 = Debug|Any CPU
		{BCBD839A-C9A0-4BE7-98CA-B0A88AD38E5A}.Release|Any CPU.ActiveCfg = Release|Any CPU
		{BCBD839A-C9A0-4BE7-98CA-B0A88AD38E5A}.Release|Any CPU.Build.0 = Release|Any CPU
		{BCBD839A-C9A0-4BE7-98CA-B0A88AD38E5A}.Release|x86.ActiveCfg = Release|Any CPU
		{BCBD839A-C9A0-4BE7-98CA-B0A88AD38E5A}.Release|x86.Build.0 = Release|Any CPU
		{090A1E9C-1087-4C8A-B4E0-FF074459E071}.Debug|Any CPU.ActiveCfg = Debug|Any CPU
		{090A1E9C-1087-4C8A-B4E0-FF074459E071}.Debug|Any CPU.Build.0 = Debug|Any CPU
		{090A1E9C-1087-4C8A-B4E0-FF074459E071}.Debug|x86.ActiveCfg = Debug|Any CPU
		{090A1E9C-1087-4C8A-B4E0-FF074459E071}.Debug|x86.Build.0 = Debug|Any CPU
		{090A1E9C-1087-4C8A-B4E0-FF074459E071}.Release|Any CPU.ActiveCfg = Release|Any CPU
		{090A1E9C-1087-4C8A-B4E0-FF074459E071}.Release|Any CPU.Build.0 = Release|Any CPU
		{090A1E9C-1087-4C8A-B4E0-FF074459E071}.Release|x86.ActiveCfg = Release|Any CPU
		{090A1E9C-1087-4C8A-B4E0-FF074459E071}.Release|x86.Build.0 = Release|Any CPU
		{EBE55E3F-6DCE-47B9-AC61-54A8B9B3482A}.Debug|Any CPU.ActiveCfg = Debug|Any CPU
		{EBE55E3F-6DCE-47B9-AC61-54A8B9B3482A}.Debug|Any CPU.Build.0 = Debug|Any CPU
		{EBE55E3F-6DCE-47B9-AC61-54A8B9B3482A}.Debug|x86.ActiveCfg = Debug|Any CPU
		{EBE55E3F-6DCE-47B9-AC61-54A8B9B3482A}.Debug|x86.Build.0 = Debug|Any CPU
		{EBE55E3F-6DCE-47B9-AC61-54A8B9B3482A}.Release|Any CPU.ActiveCfg = Release|Any CPU
		{EBE55E3F-6DCE-47B9-AC61-54A8B9B3482A}.Release|Any CPU.Build.0 = Release|Any CPU
		{EBE55E3F-6DCE-47B9-AC61-54A8B9B3482A}.Release|x86.ActiveCfg = Release|Any CPU
		{EBE55E3F-6DCE-47B9-AC61-54A8B9B3482A}.Release|x86.Build.0 = Release|Any CPU
		{290FE38F-45F9-408C-B25B-C899B467E3F8}.Debug|Any CPU.ActiveCfg = Debug|Any CPU
		{290FE38F-45F9-408C-B25B-C899B467E3F8}.Debug|Any CPU.Build.0 = Debug|Any CPU
		{290FE38F-45F9-408C-B25B-C899B467E3F8}.Debug|x86.ActiveCfg = Debug|Any CPU
		{290FE38F-45F9-408C-B25B-C899B467E3F8}.Debug|x86.Build.0 = Debug|Any CPU
		{290FE38F-45F9-408C-B25B-C899B467E3F8}.Release|Any CPU.ActiveCfg = Release|Any CPU
		{290FE38F-45F9-408C-B25B-C899B467E3F8}.Release|Any CPU.Build.0 = Release|Any CPU
		{290FE38F-45F9-408C-B25B-C899B467E3F8}.Release|x86.ActiveCfg = Release|Any CPU
		{290FE38F-45F9-408C-B25B-C899B467E3F8}.Release|x86.Build.0 = Release|Any CPU
		{2C9E1DF3-1ABA-4972-BE60-41DD9B3C47A7}.Debug|Any CPU.ActiveCfg = Debug|Any CPU
		{2C9E1DF3-1ABA-4972-BE60-41DD9B3C47A7}.Debug|Any CPU.Build.0 = Debug|Any CPU
		{2C9E1DF3-1ABA-4972-BE60-41DD9B3C47A7}.Debug|x86.ActiveCfg = Debug|Any CPU
		{2C9E1DF3-1ABA-4972-BE60-41DD9B3C47A7}.Debug|x86.Build.0 = Debug|Any CPU
		{2C9E1DF3-1ABA-4972-BE60-41DD9B3C47A7}.Release|Any CPU.ActiveCfg = Release|Any CPU
		{2C9E1DF3-1ABA-4972-BE60-41DD9B3C47A7}.Release|Any CPU.Build.0 = Release|Any CPU
		{2C9E1DF3-1ABA-4972-BE60-41DD9B3C47A7}.Release|x86.ActiveCfg = Release|Any CPU
		{2C9E1DF3-1ABA-4972-BE60-41DD9B3C47A7}.Release|x86.Build.0 = Release|Any CPU
		{A40B734C-F2EC-453C-A5FB-70CD46452BF1}.Debug|Any CPU.ActiveCfg = Debug|Any CPU
		{A40B734C-F2EC-453C-A5FB-70CD46452BF1}.Debug|Any CPU.Build.0 = Debug|Any CPU
		{A40B734C-F2EC-453C-A5FB-70CD46452BF1}.Debug|x86.ActiveCfg = Debug|Any CPU
		{A40B734C-F2EC-453C-A5FB-70CD46452BF1}.Debug|x86.Build.0 = Debug|Any CPU
		{A40B734C-F2EC-453C-A5FB-70CD46452BF1}.Release|Any CPU.ActiveCfg = Release|Any CPU
		{A40B734C-F2EC-453C-A5FB-70CD46452BF1}.Release|Any CPU.Build.0 = Release|Any CPU
		{A40B734C-F2EC-453C-A5FB-70CD46452BF1}.Release|x86.ActiveCfg = Release|Any CPU
		{A40B734C-F2EC-453C-A5FB-70CD46452BF1}.Release|x86.Build.0 = Release|Any CPU
		{C842F167-DB8E-4827-ACDD-74215AF5100A}.Debug|Any CPU.ActiveCfg = Debug|x86
		{C842F167-DB8E-4827-ACDD-74215AF5100A}.Debug|x86.ActiveCfg = Debug|x86
		{C842F167-DB8E-4827-ACDD-74215AF5100A}.Debug|x86.Build.0 = Debug|x86
		{C842F167-DB8E-4827-ACDD-74215AF5100A}.Release|Any CPU.ActiveCfg = Release|x86
		{C842F167-DB8E-4827-ACDD-74215AF5100A}.Release|x86.ActiveCfg = Release|x86
		{C842F167-DB8E-4827-ACDD-74215AF5100A}.Release|x86.Build.0 = Release|x86
		{424E9610-FA50-49CD-B5BE-BAF256DBF327}.Debug|Any CPU.ActiveCfg = Debug|Any CPU
		{424E9610-FA50-49CD-B5BE-BAF256DBF327}.Debug|Any CPU.Build.0 = Debug|Any CPU
		{424E9610-FA50-49CD-B5BE-BAF256DBF327}.Debug|x86.ActiveCfg = Debug|Any CPU
		{424E9610-FA50-49CD-B5BE-BAF256DBF327}.Debug|x86.Build.0 = Debug|Any CPU
		{424E9610-FA50-49CD-B5BE-BAF256DBF327}.Release|Any CPU.ActiveCfg = Release|Any CPU
		{424E9610-FA50-49CD-B5BE-BAF256DBF327}.Release|Any CPU.Build.0 = Release|Any CPU
		{424E9610-FA50-49CD-B5BE-BAF256DBF327}.Release|x86.ActiveCfg = Release|Any CPU
		{424E9610-FA50-49CD-B5BE-BAF256DBF327}.Release|x86.Build.0 = Release|Any CPU
		{DC5FD3DC-4CF4-4484-9EF9-1B878B25A6D5}.Debug|Any CPU.ActiveCfg = Debug|Any CPU
		{DC5FD3DC-4CF4-4484-9EF9-1B878B25A6D5}.Debug|Any CPU.Build.0 = Debug|Any CPU
		{DC5FD3DC-4CF4-4484-9EF9-1B878B25A6D5}.Debug|x86.ActiveCfg = Debug|Any CPU
		{DC5FD3DC-4CF4-4484-9EF9-1B878B25A6D5}.Debug|x86.Build.0 = Debug|Any CPU
		{DC5FD3DC-4CF4-4484-9EF9-1B878B25A6D5}.Release|Any CPU.ActiveCfg = Release|Any CPU
		{DC5FD3DC-4CF4-4484-9EF9-1B878B25A6D5}.Release|Any CPU.Build.0 = Release|Any CPU
		{DC5FD3DC-4CF4-4484-9EF9-1B878B25A6D5}.Release|x86.ActiveCfg = Release|Any CPU
		{DC5FD3DC-4CF4-4484-9EF9-1B878B25A6D5}.Release|x86.Build.0 = Release|Any CPU
		{D9109556-5B27-4FF2-AB53-837DF91A5466}.Debug|Any CPU.ActiveCfg = Debug|Any CPU
		{D9109556-5B27-4FF2-AB53-837DF91A5466}.Debug|Any CPU.Build.0 = Debug|Any CPU
		{D9109556-5B27-4FF2-AB53-837DF91A5466}.Debug|x86.ActiveCfg = Debug|x86
		{D9109556-5B27-4FF2-AB53-837DF91A5466}.Debug|x86.Build.0 = Debug|x86
		{D9109556-5B27-4FF2-AB53-837DF91A5466}.Release|Any CPU.ActiveCfg = Release|Any CPU
		{D9109556-5B27-4FF2-AB53-837DF91A5466}.Release|Any CPU.Build.0 = Release|Any CPU
		{D9109556-5B27-4FF2-AB53-837DF91A5466}.Release|x86.ActiveCfg = Release|x86
		{D9109556-5B27-4FF2-AB53-837DF91A5466}.Release|x86.Build.0 = Release|x86
		{D8EFA045-5482-4BBA-A1BF-28667D5F4635}.Debug|Any CPU.ActiveCfg = Debug|Any CPU
		{D8EFA045-5482-4BBA-A1BF-28667D5F4635}.Debug|Any CPU.Build.0 = Debug|Any CPU
		{D8EFA045-5482-4BBA-A1BF-28667D5F4635}.Debug|x86.ActiveCfg = Debug|Any CPU
		{D8EFA045-5482-4BBA-A1BF-28667D5F4635}.Debug|x86.Build.0 = Debug|Any CPU
		{D8EFA045-5482-4BBA-A1BF-28667D5F4635}.Release|Any CPU.ActiveCfg = Release|Any CPU
		{D8EFA045-5482-4BBA-A1BF-28667D5F4635}.Release|Any CPU.Build.0 = Release|Any CPU
		{D8EFA045-5482-4BBA-A1BF-28667D5F4635}.Release|x86.ActiveCfg = Release|Any CPU
		{D8EFA045-5482-4BBA-A1BF-28667D5F4635}.Release|x86.Build.0 = Release|Any CPU
		{A78B3F87-4601-43F7-A941-EDB339CE35A9}.Debug|Any CPU.ActiveCfg = Debug|Any CPU
		{A78B3F87-4601-43F7-A941-EDB339CE35A9}.Debug|Any CPU.Build.0 = Debug|Any CPU
		{A78B3F87-4601-43F7-A941-EDB339CE35A9}.Debug|x86.ActiveCfg = Debug|Any CPU
		{A78B3F87-4601-43F7-A941-EDB339CE35A9}.Debug|x86.Build.0 = Debug|Any CPU
		{A78B3F87-4601-43F7-A941-EDB339CE35A9}.Release|Any CPU.ActiveCfg = Release|Any CPU
		{A78B3F87-4601-43F7-A941-EDB339CE35A9}.Release|Any CPU.Build.0 = Release|Any CPU
		{A78B3F87-4601-43F7-A941-EDB339CE35A9}.Release|x86.ActiveCfg = Release|Any CPU
		{A78B3F87-4601-43F7-A941-EDB339CE35A9}.Release|x86.Build.0 = Release|Any CPU
		{EFAD063F-FA97-42B7-87F8-8279EBA30D34}.Debug|Any CPU.ActiveCfg = Debug|Any CPU
		{EFAD063F-FA97-42B7-87F8-8279EBA30D34}.Debug|Any CPU.Build.0 = Debug|Any CPU
		{EFAD063F-FA97-42B7-87F8-8279EBA30D34}.Debug|x86.ActiveCfg = Debug|Any CPU
		{EFAD063F-FA97-42B7-87F8-8279EBA30D34}.Debug|x86.Build.0 = Debug|Any CPU
		{EFAD063F-FA97-42B7-87F8-8279EBA30D34}.Release|Any CPU.ActiveCfg = Release|Any CPU
		{EFAD063F-FA97-42B7-87F8-8279EBA30D34}.Release|Any CPU.Build.0 = Release|Any CPU
		{EFAD063F-FA97-42B7-87F8-8279EBA30D34}.Release|x86.ActiveCfg = Release|Any CPU
		{EFAD063F-FA97-42B7-87F8-8279EBA30D34}.Release|x86.Build.0 = Release|Any CPU
	EndGlobalSection
	GlobalSection(SolutionProperties) = preSolution
		HideSolutionNode = FALSE
	EndGlobalSection
	GlobalSection(NestedProjects) = preSolution
		{BCBD839A-C9A0-4BE7-98CA-B0A88AD38E5A} = {788A2513-3E85-4D83-A68E-11D2B793A363}
		{090A1E9C-1087-4C8A-B4E0-FF074459E071} = {788A2513-3E85-4D83-A68E-11D2B793A363}
		{EBE55E3F-6DCE-47B9-AC61-54A8B9B3482A} = {788A2513-3E85-4D83-A68E-11D2B793A363}
		{2C9E1DF3-1ABA-4972-BE60-41DD9B3C47A7} = {788A2513-3E85-4D83-A68E-11D2B793A363}
		{A40B734C-F2EC-453C-A5FB-70CD46452BF1} = {788A2513-3E85-4D83-A68E-11D2B793A363}
		{C842F167-DB8E-4827-ACDD-74215AF5100A} = {40FE5525-B7DA-47BD-8754-0F8EDC85BC2A}
		{424E9610-FA50-49CD-B5BE-BAF256DBF327} = {7255FC3F-B9F1-407C-ACCD-C0D92618CFE7}
		{DC5FD3DC-4CF4-4484-9EF9-1B878B25A6D5} = {7255FC3F-B9F1-407C-ACCD-C0D92618CFE7}
		{D9109556-5B27-4FF2-AB53-837DF91A5466} = {956E8713-E83A-4652-942E-2487BF0C3102}
		{D8EFA045-5482-4BBA-A1BF-28667D5F4635} = {956E8713-E83A-4652-942E-2487BF0C3102}
		{A78B3F87-4601-43F7-A941-EDB339CE35A9} = {788A2513-3E85-4D83-A68E-11D2B793A363}
		{EFAD063F-FA97-42B7-87F8-8279EBA30D34} = {788A2513-3E85-4D83-A68E-11D2B793A363}
	EndGlobalSection
	GlobalSection(ExtensibilityGlobals) = postSolution
		SolutionGuid = {49F07864-CB9F-43CB-97F1-FED8C84760FE}
	EndGlobalSection
	GlobalSection(SubversionScc) = preSolution
		Svn-Managed = True
		Manager = AnkhSVN2019 - Subversion Support for Visual Studio
	EndGlobalSection
EndGlobal
