
Microsoft Visual Studio Solution File, Format Version 12.00
# Visual Studio Version 17
VisualStudioVersion = 17.2.32630.192
MinimumVisualStudioVersion = 10.0.40219.1
Project("{FAE04EC0-301F-11D3-BF4B-00C04F79EFBC}") = "UserControlDev", "UserControlDev\UserControlDev.csproj", "{6A27C8C3-1565-41CC-83A9-179EB088D0D7}"
EndProject
Project("{FAE04EC0-301F-11D3-BF4B-00C04F79EFBC}") = "Crt.UiCore", "Crt.UiCore\WpfControlLibrary1\Crt.UiCore.csproj", "{F361E446-2401-4A33-83B7-250E25DD2E74}"
EndProject
Project("{FAE04EC0-301F-11D3-BF4B-00C04F79EFBC}") = "MECF.Framework.Common", "MECF.Framework.Common\MECF.Framework.Common.csproj", "{EFAD063F-FA97-42B7-87F8-8279EBA30D34}"
EndProject
Project("{FAE04EC0-301F-11D3-BF4B-00C04F79EFBC}") = "UICore", "FrameworkLocal\UICore\UICore.csproj", "{2C9E1DF3-1ABA-4972-BE60-41DD9B3C47A7}"
EndProject
Project("{FAE04EC0-301F-11D3-BF4B-00C04F79EFBC}") = "UIClient", "FrameworkLocal\UIClient\UIClient.csproj", "{A40B734C-F2EC-453C-A5FB-70CD46452BF1}"
EndProject
Project("{FAE04EC0-301F-11D3-BF4B-00C04F79EFBC}") = "RTEquipmentLibrary", "FrameworkLocal\RTEquipmentLibrary\RTEquipmentLibrary.csproj", "{090A1E9C-1087-4C8A-B4E0-FF074459E071}"
EndProject
Project("{FAE04EC0-301F-11D3-BF4B-00C04F79EFBC}") = "RTCore", "FrameworkLocal\RTCore\RTCore.csproj", "{BCBD839A-C9A0-4BE7-98CA-B0A88AD38E5A}"
EndProject
Project("{FAE04EC0-301F-11D3-BF4B-00C04F79EFBC}") = "Sicentury.Core", "Sicentury.Core\Sicentury.Core.csproj", "{A78B3F87-4601-43F7-A941-EDB339CE35A9}"
EndProject
Project("{2150E333-8FDC-42A3-9474-1A3956D46DE8}") = "FrameworkLib", "FrameworkLib", "{FB4E7AC2-EEEF-4A1B-81DD-270839434349}"
EndProject
Project("{FAE04EC0-301F-11D3-BF4B-00C04F79EFBC}") = "SicRT", "SicRT\SicRT.csproj", "{5EAFA05F-C2C0-40B3-9C8F-46D8559148D0}"
EndProject
Project("{FAE04EC0-301F-11D3-BF4B-00C04F79EFBC}") = "SicUI", "SicUI\SicUI.csproj", "{290FE38F-45F9-408C-B25B-C899B467E3F8}"
EndProject
Project("{FAE04EC0-301F-11D3-BF4B-00C04F79EFBC}") = "SicSimulator", "SicSimulator\SicSimulator.csproj", "{FDF5BB48-689B-4B88-BABC-110F3DC07C67}"
EndProject
Project("{FAE04EC0-301F-11D3-BF4B-00C04F79EFBC}") = "SimulatorCore", "FrameworkLocal\SimulatorCore\SimulatorCore.csproj", "{EBE55E3F-6DCE-47B9-AC61-54A8B9B3482A}"
EndProject
Global
	GlobalSection(SolutionConfigurationPlatforms) = preSolution
		Debug|Any CPU = Debug|Any CPU
		Debug|x86 = Debug|x86
		Release|Any CPU = Release|Any CPU
		Release|x86 = Release|x86
	EndGlobalSection
	GlobalSection(ProjectConfigurationPlatforms) = postSolution
		{6A27C8C3-1565-41CC-83A9-179EB088D0D7}.Debug|Any CPU.ActiveCfg = Debug|Any CPU
		{6A27C8C3-1565-41CC-83A9-179EB088D0D7}.Debug|Any CPU.Build.0 = Debug|Any CPU
		{6A27C8C3-1565-41CC-83A9-179EB088D0D7}.Debug|x86.ActiveCfg = Debug|Any CPU
		{6A27C8C3-1565-41CC-83A9-179EB088D0D7}.Debug|x86.Build.0 = Debug|Any CPU
		{6A27C8C3-1565-41CC-83A9-179EB088D0D7}.Release|Any CPU.ActiveCfg = Release|Any CPU
		{6A27C8C3-1565-41CC-83A9-179EB088D0D7}.Release|Any CPU.Build.0 = Release|Any CPU
		{6A27C8C3-1565-41CC-83A9-179EB088D0D7}.Release|x86.ActiveCfg = Release|Any CPU
		{6A27C8C3-1565-41CC-83A9-179EB088D0D7}.Release|x86.Build.0 = Release|Any CPU
		{F361E446-2401-4A33-83B7-250E25DD2E74}.Debug|Any CPU.ActiveCfg = Debug|Any CPU
		{F361E446-2401-4A33-83B7-250E25DD2E74}.Debug|Any CPU.Build.0 = Debug|Any CPU
		{F361E446-2401-4A33-83B7-250E25DD2E74}.Debug|x86.ActiveCfg = Debug|Any CPU
		{F361E446-2401-4A33-83B7-250E25DD2E74}.Debug|x86.Build.0 = Debug|Any CPU
		{F361E446-2401-4A33-83B7-250E25DD2E74}.Release|Any CPU.ActiveCfg = Release|Any CPU
		{F361E446-2401-4A33-83B7-250E25DD2E74}.Release|Any CPU.Build.0 = Release|Any CPU
		{F361E446-2401-4A33-83B7-250E25DD2E74}.Release|x86.ActiveCfg = Release|Any CPU
		{F361E446-2401-4A33-83B7-250E25DD2E74}.Release|x86.Build.0 = Release|Any CPU
		{EFAD063F-FA97-42B7-87F8-8279EBA30D34}.Debug|Any CPU.ActiveCfg = Debug|Any CPU
		{EFAD063F-FA97-42B7-87F8-8279EBA30D34}.Debug|Any CPU.Build.0 = Debug|Any CPU
		{EFAD063F-FA97-42B7-87F8-8279EBA30D34}.Debug|x86.ActiveCfg = Debug|Any CPU
		{EFAD063F-FA97-42B7-87F8-8279EBA30D34}.Debug|x86.Build.0 = Debug|Any CPU
		{EFAD063F-FA97-42B7-87F8-8279EBA30D34}.Release|Any CPU.ActiveCfg = Release|Any CPU
		{EFAD063F-FA97-42B7-87F8-8279EBA30D34}.Release|Any CPU.Build.0 = Release|Any CPU
		{EFAD063F-FA97-42B7-87F8-8279EBA30D34}.Release|x86.ActiveCfg = Release|Any CPU
		{EFAD063F-FA97-42B7-87F8-8279EBA30D34}.Release|x86.Build.0 = Release|Any CPU
		{2C9E1DF3-1ABA-4972-BE60-41DD9B3C47A7}.Debug|Any CPU.ActiveCfg = Debug|Any CPU
		{2C9E1DF3-1ABA-4972-BE60-41DD9B3C47A7}.Debug|Any CPU.Build.0 = Debug|Any CPU
		{2C9E1DF3-1ABA-4972-BE60-41DD9B3C47A7}.Debug|x86.ActiveCfg = Debug|Any CPU
		{2C9E1DF3-1ABA-4972-BE60-41DD9B3C47A7}.Debug|x86.Build.0 = Debug|Any CPU
		{2C9E1DF3-1ABA-4972-BE60-41DD9B3C47A7}.Release|Any CPU.ActiveCfg = Release|Any CPU
		{2C9E1DF3-1ABA-4972-BE60-41DD9B3C47A7}.Release|Any CPU.Build.0 = Release|Any CPU
		{2C9E1DF3-1ABA-4972-BE60-41DD9B3C47A7}.Release|x86.ActiveCfg = Release|Any CPU
		{2C9E1DF3-1ABA-4972-BE60-41DD9B3C47A7}.Release|x86.Build.0 = Release|Any CPU
		{A40B734C-F2EC-453C-A5FB-70CD46452BF1}.Debug|Any CPU.ActiveCfg = Debug|Any CPU
		{A40B734C-F2EC-453C-A5FB-70CD46452BF1}.Debug|Any CPU.Build.0 = Debug|Any CPU
		{A40B734C-F2EC-453C-A5FB-70CD46452BF1}.Debug|x86.ActiveCfg = Debug|Any CPU
		{A40B734C-F2EC-453C-A5FB-70CD46452BF1}.Debug|x86.Build.0 = Debug|Any CPU
		{A40B734C-F2EC-453C-A5FB-70CD46452BF1}.Release|Any CPU.ActiveCfg = Release|Any CPU
		{A40B734C-F2EC-453C-A5FB-70CD46452BF1}.Release|Any CPU.Build.0 = Release|Any CPU
		{A40B734C-F2EC-453C-A5FB-70CD46452BF1}.Release|x86.ActiveCfg = Release|Any CPU
		{A40B734C-F2EC-453C-A5FB-70CD46452BF1}.Release|x86.Build.0 = Release|Any CPU
		{090A1E9C-1087-4C8A-B4E0-FF074459E071}.Debug|Any CPU.ActiveCfg = Debug|Any CPU
		{090A1E9C-1087-4C8A-B4E0-FF074459E071}.Debug|Any CPU.Build.0 = Debug|Any CPU
		{090A1E9C-1087-4C8A-B4E0-FF074459E071}.Debug|x86.ActiveCfg = Debug|Any CPU
		{090A1E9C-1087-4C8A-B4E0-FF074459E071}.Debug|x86.Build.0 = Debug|Any CPU
		{090A1E9C-1087-4C8A-B4E0-FF074459E071}.Release|Any CPU.ActiveCfg = Release|Any CPU
		{090A1E9C-1087-4C8A-B4E0-FF074459E071}.Release|Any CPU.Build.0 = Release|Any CPU
		{090A1E9C-1087-4C8A-B4E0-FF074459E071}.Release|x86.ActiveCfg = Release|Any CPU
		{090A1E9C-1087-4C8A-B4E0-FF074459E071}.Release|x86.Build.0 = Release|Any CPU
		{BCBD839A-C9A0-4BE7-98CA-B0A88AD38E5A}.Debug|Any CPU.ActiveCfg = Debug|Any CPU
		{BCBD839A-C9A0-4BE7-98CA-B0A88AD38E5A}.Debug|Any CPU.Build.0 = Debug|Any CPU
		{BCBD839A-C9A0-4BE7-98CA-B0A88AD38E5A}.Debug|x86.ActiveCfg = Debug|Any CPU
		{BCBD839A-C9A0-4BE7-98CA-B0A88AD38E5A}.Debug|x86.Build.0 = Debug|Any CPU
		{BCBD839A-C9A0-4BE7-98CA-B0A88AD38E5A}.Release|Any CPU.ActiveCfg = Release|Any CPU
		{BCBD839A-C9A0-4BE7-98CA-B0A88AD38E5A}.Release|Any CPU.Build.0 = Release|Any CPU
		{BCBD839A-C9A0-4BE7-98CA-B0A88AD38E5A}.Release|x86.ActiveCfg = Release|Any CPU
		{BCBD839A-C9A0-4BE7-98CA-B0A88AD38E5A}.Release|x86.Build.0 = Release|Any CPU
		{A78B3F87-4601-43F7-A941-EDB339CE35A9}.Debug|Any CPU.ActiveCfg = Debug|Any CPU
		{A78B3F87-4601-43F7-A941-EDB339CE35A9}.Debug|Any CPU.Build.0 = Debug|Any CPU
		{A78B3F87-4601-43F7-A941-EDB339CE35A9}.Debug|x86.ActiveCfg = Debug|Any CPU
		{A78B3F87-4601-43F7-A941-EDB339CE35A9}.Debug|x86.Build.0 = Debug|Any CPU
		{A78B3F87-4601-43F7-A941-EDB339CE35A9}.Release|Any CPU.ActiveCfg = Release|Any CPU
		{A78B3F87-4601-43F7-A941-EDB339CE35A9}.Release|Any CPU.Build.0 = Release|Any CPU
		{A78B3F87-4601-43F7-A941-EDB339CE35A9}.Release|x86.ActiveCfg = Release|Any CPU
		{A78B3F87-4601-43F7-A941-EDB339CE35A9}.Release|x86.Build.0 = Release|Any CPU
		{5EAFA05F-C2C0-40B3-9C8F-46D8559148D0}.Debug|Any CPU.ActiveCfg = Debug|Any CPU
		{5EAFA05F-C2C0-40B3-9C8F-46D8559148D0}.Debug|Any CPU.Build.0 = Debug|Any CPU
		{5EAFA05F-C2C0-40B3-9C8F-46D8559148D0}.Debug|x86.ActiveCfg = Debug|Any CPU
		{5EAFA05F-C2C0-40B3-9C8F-46D8559148D0}.Debug|x86.Build.0 = Debug|Any CPU
		{5EAFA05F-C2C0-40B3-9C8F-46D8559148D0}.Release|Any CPU.ActiveCfg = Release|Any CPU
		{5EAFA05F-C2C0-40B3-9C8F-46D8559148D0}.Release|Any CPU.Build.0 = Release|Any CPU
		{5EAFA05F-C2C0-40B3-9C8F-46D8559148D0}.Release|x86.ActiveCfg = Release|Any CPU
		{5EAFA05F-C2C0-40B3-9C8F-46D8559148D0}.Release|x86.Build.0 = Release|Any CPU
		{290FE38F-45F9-408C-B25B-C899B467E3F8}.Debug|Any CPU.ActiveCfg = Debug|Any CPU
		{290FE38F-45F9-408C-B25B-C899B467E3F8}.Debug|Any CPU.Build.0 = Debug|Any CPU
		{290FE38F-45F9-408C-B25B-C899B467E3F8}.Debug|x86.ActiveCfg = Debug|Any CPU
		{290FE38F-45F9-408C-B25B-C899B467E3F8}.Debug|x86.Build.0 = Debug|Any CPU
		{290FE38F-45F9-408C-B25B-C899B467E3F8}.Release|Any CPU.ActiveCfg = Release|Any CPU
		{290FE38F-45F9-408C-B25B-C899B467E3F8}.Release|Any CPU.Build.0 = Release|Any CPU
		{290FE38F-45F9-408C-B25B-C899B467E3F8}.Release|x86.ActiveCfg = Release|Any CPU
		{290FE38F-45F9-408C-B25B-C899B467E3F8}.Release|x86.Build.0 = Release|Any CPU
		{FDF5BB48-689B-4B88-BABC-110F3DC07C67}.Debug|Any CPU.ActiveCfg = Debug|Any CPU
		{FDF5BB48-689B-4B88-BABC-110F3DC07C67}.Debug|Any CPU.Build.0 = Debug|Any CPU
		{FDF5BB48-689B-4B88-BABC-110F3DC07C67}.Debug|x86.ActiveCfg = Debug|Any CPU
		{FDF5BB48-689B-4B88-BABC-110F3DC07C67}.Debug|x86.Build.0 = Debug|Any CPU
		{FDF5BB48-689B-4B88-BABC-110F3DC07C67}.Release|Any CPU.ActiveCfg = Release|Any CPU
		{FDF5BB48-689B-4B88-BABC-110F3DC07C67}.Release|Any CPU.Build.0 = Release|Any CPU
		{FDF5BB48-689B-4B88-BABC-110F3DC07C67}.Release|x86.ActiveCfg = Release|Any CPU
		{FDF5BB48-689B-4B88-BABC-110F3DC07C67}.Release|x86.Build.0 = Release|Any CPU
		{EBE55E3F-6DCE-47B9-AC61-54A8B9B3482A}.Debug|Any CPU.ActiveCfg = Debug|Any CPU
		{EBE55E3F-6DCE-47B9-AC61-54A8B9B3482A}.Debug|Any CPU.Build.0 = Debug|Any CPU
		{EBE55E3F-6DCE-47B9-AC61-54A8B9B3482A}.Debug|x86.ActiveCfg = Debug|Any CPU
		{EBE55E3F-6DCE-47B9-AC61-54A8B9B3482A}.Debug|x86.Build.0 = Debug|Any CPU
		{EBE55E3F-6DCE-47B9-AC61-54A8B9B3482A}.Release|Any CPU.ActiveCfg = Release|Any CPU
		{EBE55E3F-6DCE-47B9-AC61-54A8B9B3482A}.Release|Any CPU.Build.0 = Release|Any CPU
		{EBE55E3F-6DCE-47B9-AC61-54A8B9B3482A}.Release|x86.ActiveCfg = Release|Any CPU
		{EBE55E3F-6DCE-47B9-AC61-54A8B9B3482A}.Release|x86.Build.0 = Release|Any CPU
	EndGlobalSection
	GlobalSection(SolutionProperties) = preSolution
		HideSolutionNode = FALSE
	EndGlobalSection
	GlobalSection(NestedProjects) = preSolution
		{F361E446-2401-4A33-83B7-250E25DD2E74} = {FB4E7AC2-EEEF-4A1B-81DD-270839434349}
		{EFAD063F-FA97-42B7-87F8-8279EBA30D34} = {FB4E7AC2-EEEF-4A1B-81DD-270839434349}
		{2C9E1DF3-1ABA-4972-BE60-41DD9B3C47A7} = {FB4E7AC2-EEEF-4A1B-81DD-270839434349}
		{A40B734C-F2EC-453C-A5FB-70CD46452BF1} = {FB4E7AC2-EEEF-4A1B-81DD-270839434349}
		{090A1E9C-1087-4C8A-B4E0-FF074459E071} = {FB4E7AC2-EEEF-4A1B-81DD-270839434349}
		{BCBD839A-C9A0-4BE7-98CA-B0A88AD38E5A} = {FB4E7AC2-EEEF-4A1B-81DD-270839434349}
		{A78B3F87-4601-43F7-A941-EDB339CE35A9} = {FB4E7AC2-EEEF-4A1B-81DD-270839434349}
		{EBE55E3F-6DCE-47B9-AC61-54A8B9B3482A} = {FB4E7AC2-EEEF-4A1B-81DD-270839434349}
	EndGlobalSection
	GlobalSection(ExtensibilityGlobals) = postSolution
		SolutionGuid = {49F07864-CB9F-43CB-97F1-FED8C84760FE}
	EndGlobalSection
	GlobalSection(SubversionScc) = preSolution
		Svn-Managed = True
		Manager = AnkhSVN2019 - Subversion Support for Visual Studio
	EndGlobalSection
EndGlobal
